
Microsoft Visual Studio Solution File, Format Version 12.00
# Visual Studio Version 16
VisualStudioVersion = 16.0.30204.135
MinimumVisualStudioVersion = 10.0.40219.1
Project("{2150E333-8FDC-42A3-9474-1A3956D46DE8}") = "Common", "Common", "{A3A5C0FD-713A-408E-8B60-171AB93AB949}"
EndProject
Project("{2150E333-8FDC-42A3-9474-1A3956D46DE8}") = "Services", "Services", "{BA718D25-4184-47AF-86E9-20464390013E}"
EndProject
Project("{2150E333-8FDC-42A3-9474-1A3956D46DE8}") = "UI", "UI", "{1C228FC8-551D-4129-8490-515F8216BE76}"
EndProject
Project("{9A19103F-16F7-4668-BE54-9A1E7A4F7556}") = "WebStore.Domain", "Common\WebStore.Domain\WebStore.Domain.csproj", "{0D7B9454-BA8E-434E-98F3-BA599A05AA16}"
EndProject
Project("{9A19103F-16F7-4668-BE54-9A1E7A4F7556}") = "WebStore.DAL", "Servcies\WebStore.DAL\WebStore.DAL.csproj", "{C35296D1-5C1B-4162-9708-11EBEC13626D}"
EndProject
Project("{9A19103F-16F7-4668-BE54-9A1E7A4F7556}") = "WebStore", "UI\WebStore\WebStore.csproj", "{A2A38EE0-FBC7-4765-B93B-DAE36388610B}"
EndProject
Project("{FAE04EC0-301F-11D3-BF4B-00C04F79EFBC}") = "WebStore.Interfaces", "Servcies\WebStore.Interfaces\WebStore.Interfaces.csproj", "{75C34393-5C06-4AB7-B403-DE71DFDBB6A5}"
EndProject
Project("{FAE04EC0-301F-11D3-BF4B-00C04F79EFBC}") = "WebStore.Services", "Servcies\WebStore.Services\WebStore.Services.csproj", "{09B9E4C4-3657-46F6-B430-DF19AC880C8A}"
EndProject
Global
	GlobalSection(SolutionConfigurationPlatforms) = preSolution
		Debug|Any CPU = Debug|Any CPU
		Release|Any CPU = Release|Any CPU
	EndGlobalSection
	GlobalSection(ProjectConfigurationPlatforms) = postSolution
		{0D7B9454-BA8E-434E-98F3-BA599A05AA16}.Debug|Any CPU.ActiveCfg = Debug|Any CPU
		{0D7B9454-BA8E-434E-98F3-BA599A05AA16}.Debug|Any CPU.Build.0 = Debug|Any CPU
		{0D7B9454-BA8E-434E-98F3-BA599A05AA16}.Release|Any CPU.ActiveCfg = Release|Any CPU
		{0D7B9454-BA8E-434E-98F3-BA599A05AA16}.Release|Any CPU.Build.0 = Release|Any CPU
		{C35296D1-5C1B-4162-9708-11EBEC13626D}.Debug|Any CPU.ActiveCfg = Debug|Any CPU
		{C35296D1-5C1B-4162-9708-11EBEC13626D}.Debug|Any CPU.Build.0 = Debug|Any CPU
		{C35296D1-5C1B-4162-9708-11EBEC13626D}.Release|Any CPU.ActiveCfg = Release|Any CPU
		{C35296D1-5C1B-4162-9708-11EBEC13626D}.Release|Any CPU.Build.0 = Release|Any CPU
		{A2A38EE0-FBC7-4765-B93B-DAE36388610B}.Debug|Any CPU.ActiveCfg = Debug|Any CPU
		{A2A38EE0-FBC7-4765-B93B-DAE36388610B}.Debug|Any CPU.Build.0 = Debug|Any CPU
		{A2A38EE0-FBC7-4765-B93B-DAE36388610B}.Release|Any CPU.ActiveCfg = Release|Any CPU
		{A2A38EE0-FBC7-4765-B93B-DAE36388610B}.Release|Any CPU.Build.0 = Release|Any CPU
		{75C34393-5C06-4AB7-B403-DE71DFDBB6A5}.Debug|Any CPU.ActiveCfg = Debug|Any CPU
		{75C34393-5C06-4AB7-B403-DE71DFDBB6A5}.Debug|Any CPU.Build.0 = Debug|Any CPU
		{75C34393-5C06-4AB7-B403-DE71DFDBB6A5}.Release|Any CPU.ActiveCfg = Release|Any CPU
		{75C34393-5C06-4AB7-B403-DE71DFDBB6A5}.Release|Any CPU.Build.0 = Release|Any CPU
		{09B9E4C4-3657-46F6-B430-DF19AC880C8A}.Debug|Any CPU.ActiveCfg = Debug|Any CPU
		{09B9E4C4-3657-46F6-B430-DF19AC880C8A}.Debug|Any CPU.Build.0 = Debug|Any CPU
		{09B9E4C4-3657-46F6-B430-DF19AC880C8A}.Release|Any CPU.ActiveCfg = Release|Any CPU
		{09B9E4C4-3657-46F6-B430-DF19AC880C8A}.Release|Any CPU.Build.0 = Release|Any CPU
	EndGlobalSection
	GlobalSection(SolutionProperties) = preSolution
		HideSolutionNode = FALSE
	EndGlobalSection
	GlobalSection(NestedProjects) = preSolution
		{0D7B9454-BA8E-434E-98F3-BA599A05AA16} = {A3A5C0FD-713A-408E-8B60-171AB93AB949}
		{C35296D1-5C1B-4162-9708-11EBEC13626D} = {BA718D25-4184-47AF-86E9-20464390013E}
		{A2A38EE0-FBC7-4765-B93B-DAE36388610B} = {1C228FC8-551D-4129-8490-515F8216BE76}
		{75C34393-5C06-4AB7-B403-DE71DFDBB6A5} = {BA718D25-4184-47AF-86E9-20464390013E}
		{09B9E4C4-3657-46F6-B430-DF19AC880C8A} = {BA718D25-4184-47AF-86E9-20464390013E}
	EndGlobalSection
	GlobalSection(ExtensibilityGlobals) = postSolution
		SolutionGuid = {D180A988-D89A-45B3-81F7-DF7163BABFE3}
	EndGlobalSection
EndGlobal
